
Microsoft Visual Studio Solution File, Format Version 12.00
# Visual Studio Version 16
VisualStudioVersion = 16.0.30225.117
MinimumVisualStudioVersion = 10.0.40219.1
Project("{FAE04EC0-301F-11D3-BF4B-00C04F79EFBC}") = "A", "A\A.csproj", "{AC291575-A8CD-4B3F-AF00-B3EAAA5A824B}"
EndProject
Global
	GlobalSection(SolutionConfigurationPlatforms) = preSolution
		Debug|Any CPU = Debug|Any CPU
		Release|Any CPU = Release|Any CPU
	EndGlobalSection
	GlobalSection(ProjectConfigurationPlatforms) = postSolution
		{AC291575-A8CD-4B3F-AF00-B3EAAA5A824B}.Debug|Any CPU.ActiveCfg = Debug|Any CPU
		{AC291575-A8CD-4B3F-AF00-B3EAAA5A824B}.Debug|Any CPU.Build.0 = Debug|Any CPU
		{AC291575-A8CD-4B3F-AF00-B3EAAA5A824B}.Release|Any CPU.ActiveCfg = Release|Any CPU
		{AC291575-A8CD-4B3F-AF00-B3EAAA5A824B}.Release|Any CPU.Build.0 = Release|Any CPU
	EndGlobalSection
	GlobalSection(SolutionProperties) = preSolution
		HideSolutionNode = FALSE
	EndGlobalSection
	GlobalSection(ExtensibilityGlobals) = postSolution
		SolutionGuid = {00A22E8C-D56B-4412-B32D-96183AF5B32E}
	EndGlobalSection
EndGlobal
