
Microsoft Visual Studio Solution File, Format Version 12.00
# Visual Studio Version 16
VisualStudioVersion = 16.0.30225.117
MinimumVisualStudioVersion = 10.0.40219.1
Project("{FAE04EC0-301F-11D3-BF4B-00C04F79EFBC}") = "B", "B\B.csproj", "{DBD91E89-7F7C-4D54-8B40-726AB5FC793F}"
EndProject
Global
	GlobalSection(SolutionConfigurationPlatforms) = preSolution
		Debug|Any CPU = Debug|Any CPU
		Release|Any CPU = Release|Any CPU
	EndGlobalSection
	GlobalSection(ProjectConfigurationPlatforms) = postSolution
		{DBD91E89-7F7C-4D54-8B40-726AB5FC793F}.Debug|Any CPU.ActiveCfg = Debug|Any CPU
		{DBD91E89-7F7C-4D54-8B40-726AB5FC793F}.Debug|Any CPU.Build.0 = Debug|Any CPU
		{DBD91E89-7F7C-4D54-8B40-726AB5FC793F}.Release|Any CPU.ActiveCfg = Release|Any CPU
		{DBD91E89-7F7C-4D54-8B40-726AB5FC793F}.Release|Any CPU.Build.0 = Release|Any CPU
	EndGlobalSection
	GlobalSection(SolutionProperties) = preSolution
		HideSolutionNode = FALSE
	EndGlobalSection
	GlobalSection(ExtensibilityGlobals) = postSolution
		SolutionGuid = {A5C5FE9E-6EC9-43A6-811F-AD6BE3928B41}
	EndGlobalSection
EndGlobal
