
Microsoft Visual Studio Solution File, Format Version 12.00
# Visual Studio Version 16
VisualStudioVersion = 16.0.30413.136
MinimumVisualStudioVersion = 10.0.40219.1
Project("{FAE04EC0-301F-11D3-BF4B-00C04F79EFBC}") = "ProblemC", "ProblemC.csproj", "{BFB95351-2391-4BE6-AF5B-67EE6FC0487F}"
EndProject
Global
	GlobalSection(SolutionConfigurationPlatforms) = preSolution
		Debug|Any CPU = Debug|Any CPU
		Release|Any CPU = Release|Any CPU
	EndGlobalSection
	GlobalSection(ProjectConfigurationPlatforms) = postSolution
		{BFB95351-2391-4BE6-AF5B-67EE6FC0487F}.Debug|Any CPU.ActiveCfg = Debug|Any CPU
		{BFB95351-2391-4BE6-AF5B-67EE6FC0487F}.Debug|Any CPU.Build.0 = Debug|Any CPU
		{BFB95351-2391-4BE6-AF5B-67EE6FC0487F}.Release|Any CPU.ActiveCfg = Release|Any CPU
		{BFB95351-2391-4BE6-AF5B-67EE6FC0487F}.Release|Any CPU.Build.0 = Release|Any CPU
	EndGlobalSection
	GlobalSection(SolutionProperties) = preSolution
		HideSolutionNode = FALSE
	EndGlobalSection
	GlobalSection(ExtensibilityGlobals) = postSolution
		SolutionGuid = {E3761B31-DE61-42A6-8DE9-E19DE64CB139}
	EndGlobalSection
EndGlobal
