
Microsoft Visual Studio Solution File, Format Version 12.00
# Visual Studio Version 16
VisualStudioVersion = 16.0.30523.141
MinimumVisualStudioVersion = 10.0.40219.1
Project("{FAE04EC0-301F-11D3-BF4B-00C04F79EFBC}") = "ProblemA", "ProblemA.csproj", "{C31440FF-B72A-450D-9C2C-160770983B79}"
EndProject
Global
	GlobalSection(SolutionConfigurationPlatforms) = preSolution
		Debug|Any CPU = Debug|Any CPU
		Release|Any CPU = Release|Any CPU
	EndGlobalSection
	GlobalSection(ProjectConfigurationPlatforms) = postSolution
		{C31440FF-B72A-450D-9C2C-160770983B79}.Debug|Any CPU.ActiveCfg = Debug|Any CPU
		{C31440FF-B72A-450D-9C2C-160770983B79}.Debug|Any CPU.Build.0 = Debug|Any CPU
		{C31440FF-B72A-450D-9C2C-160770983B79}.Release|Any CPU.ActiveCfg = Release|Any CPU
		{C31440FF-B72A-450D-9C2C-160770983B79}.Release|Any CPU.Build.0 = Release|Any CPU
	EndGlobalSection
	GlobalSection(SolutionProperties) = preSolution
		HideSolutionNode = FALSE
	EndGlobalSection
	GlobalSection(ExtensibilityGlobals) = postSolution
		SolutionGuid = {63CAFBE5-E0A7-469F-8F65-617A7410E4CD}
	EndGlobalSection
EndGlobal
