
Microsoft Visual Studio Solution File, Format Version 12.00
# Visual Studio Version 16
VisualStudioVersion = 16.0.30320.27
MinimumVisualStudioVersion = 10.0.40219.1
Project("{FAE04EC0-301F-11D3-BF4B-00C04F79EFBC}") = "ProblemA", "ProblemA.csproj", "{B697E0DF-9F44-4848-B4FE-F06B2E82BEF9}"
EndProject
Global
	GlobalSection(SolutionConfigurationPlatforms) = preSolution
		Debug|Any CPU = Debug|Any CPU
		Release|Any CPU = Release|Any CPU
	EndGlobalSection
	GlobalSection(ProjectConfigurationPlatforms) = postSolution
		{B697E0DF-9F44-4848-B4FE-F06B2E82BEF9}.Debug|Any CPU.ActiveCfg = Debug|Any CPU
		{B697E0DF-9F44-4848-B4FE-F06B2E82BEF9}.Debug|Any CPU.Build.0 = Debug|Any CPU
		{B697E0DF-9F44-4848-B4FE-F06B2E82BEF9}.Release|Any CPU.ActiveCfg = Release|Any CPU
		{B697E0DF-9F44-4848-B4FE-F06B2E82BEF9}.Release|Any CPU.Build.0 = Release|Any CPU
	EndGlobalSection
	GlobalSection(SolutionProperties) = preSolution
		HideSolutionNode = FALSE
	EndGlobalSection
	GlobalSection(ExtensibilityGlobals) = postSolution
		SolutionGuid = {02EC10E3-07A1-480C-8D9A-0B9169E5B52F}
	EndGlobalSection
EndGlobal
